Microsoft Visual Studio Solution File, Format Version 12.00
# Visual Studio Version 17
VisualStudioVersion = 17.8.34408.163
MinimumVisualStudioVersion = 16.0.0.0
Project("{9A19103F-16F7-4668-BE54-9A1E7A4F7556}") = "Budget", "Budget.csproj", "{3E27B7AB-BC6B-41DA-A94F-0C86F2B77292}"
EndProject
Project("{FAE04EC0-301F-11D3-BF4B-00C04F79EFBC}") = "Budget.Services", "..\Budget.Services\Budget.Services.csproj", "{14B9B186-98F5-49A3-B160-755DFD3A127D}"
EndProject
Project("{FAE04EC0-301F-11D3-BF4B-00C04F79EFBC}") = "Budget.Models", "..\Budget.Models\Budget.Models.csproj", "{562F5BE7-F38A-4A02-8DB9-F611DB900D06}"
EndProject
Global
	GlobalSection(SolutionConfigurationPlatforms) = preSolution
		Debug|Any CPU = Debug|Any CPU
		Debug|x64 = Debug|x64
		Debug|x86 = Debug|x86
		Release|Any CPU = Release|Any CPU
		Release|x64 = Release|x64
		Release|x86 = Release|x86
	EndGlobalSection
	GlobalSection(ProjectConfigurationPlatforms) = postSolution
		{3E27B7AB-BC6B-41DA-A94F-0C86F2B77292}.Debug|Any CPU.ActiveCfg = Debug|Any CPU
		{3E27B7AB-BC6B-41DA-A94F-0C86F2B77292}.Debug|Any CPU.Build.0 = Debug|Any CPU
		{3E27B7AB-BC6B-41DA-A94F-0C86F2B77292}.Debug|x64.ActiveCfg = Debug|Any CPU
		{3E27B7AB-BC6B-41DA-A94F-0C86F2B77292}.Debug|x64.Build.0 = Debug|Any CPU
		{3E27B7AB-BC6B-41DA-A94F-0C86F2B77292}.Debug|x86.ActiveCfg = Debug|Any CPU
		{3E27B7AB-BC6B-41DA-A94F-0C86F2B77292}.Debug|x86.Build.0 = Debug|Any CPU
		{3E27B7AB-BC6B-41DA-A94F-0C86F2B77292}.Release|Any CPU.ActiveCfg = Release|Any CPU
		{3E27B7AB-BC6B-41DA-A94F-0C86F2B77292}.Release|Any CPU.Build.0 = Release|Any CPU
		{3E27B7AB-BC6B-41DA-A94F-0C86F2B77292}.Release|x64.ActiveCfg = Release|Any CPU
		{3E27B7AB-BC6B-41DA-A94F-0C86F2B77292}.Release|x64.Build.0 = Release|Any CPU
		{3E27B7AB-BC6B-41DA-A94F-0C86F2B77292}.Release|x86.ActiveCfg = Release|Any CPU
		{3E27B7AB-BC6B-41DA-A94F-0C86F2B77292}.Release|x86.Build.0 = Release|Any CPU
		{14B9B186-98F5-49A3-B160-755DFD3A127D}.Debug|Any CPU.ActiveCfg = Debug|Any CPU
		{14B9B186-98F5-49A3-B160-755DFD3A127D}.Debug|Any CPU.Build.0 = Debug|Any CPU
		{14B9B186-98F5-49A3-B160-755DFD3A127D}.Debug|x64.ActiveCfg = Debug|Any CPU
		{14B9B186-98F5-49A3-B160-755DFD3A127D}.Debug|x64.Build.0 = Debug|Any CPU
		{14B9B186-98F5-49A3-B160-755DFD3A127D}.Debug|x86.ActiveCfg = Debug|Any CPU
		{14B9B186-98F5-49A3-B160-755DFD3A127D}.Debug|x86.Build.0 = Debug|Any CPU
		{14B9B186-98F5-49A3-B160-755DFD3A127D}.Release|Any CPU.ActiveCfg = Release|Any CPU
		{14B9B186-98F5-49A3-B160-755DFD3A127D}.Release|Any CPU.Build.0 = Release|Any CPU
		{14B9B186-98F5-49A3-B160-755DFD3A127D}.Release|x64.ActiveCfg = Release|Any CPU
		{14B9B186-98F5-49A3-B160-755DFD3A127D}.Release|x64.Build.0 = Release|Any CPU
		{14B9B186-98F5-49A3-B160-755DFD3A127D}.Release|x86.ActiveCfg = Release|Any CPU
		{14B9B186-98F5-49A3-B160-755DFD3A127D}.Release|x86.Build.0 = Release|Any CPU
		{562F5BE7-F38A-4A02-8DB9-F611DB900D06}.Debug|Any CPU.ActiveCfg = Debug|Any CPU
		{562F5BE7-F38A-4A02-8DB9-F611DB900D06}.Debug|Any CPU.Build.0 = Debug|Any CPU
		{562F5BE7-F38A-4A02-8DB9-F611DB900D06}.Debug|x64.ActiveCfg = Debug|Any CPU
		{562F5BE7-F38A-4A02-8DB9-F611DB900D06}.Debug|x64.Build.0 = Debug|Any CPU
		{562F5BE7-F38A-4A02-8DB9-F611DB900D06}.Debug|x86.ActiveCfg = Debug|Any CPU
		{562F5BE7-F38A-4A02-8DB9-F611DB900D06}.Debug|x86.Build.0 = Debug|Any CPU
		{562F5BE7-F38A-4A02-8DB9-F611DB900D06}.Release|Any CPU.ActiveCfg = Release|Any CPU
		{562F5BE7-F38A-4A02-8DB9-F611DB900D06}.Release|Any CPU.Build.0 = Release|Any CPU
		{562F5BE7-F38A-4A02-8DB9-F611DB900D06}.Release|x64.ActiveCfg = Release|Any CPU
		{562F5BE7-F38A-4A02-8DB9-F611DB900D06}.Release|x64.Build.0 = Release|Any CPU
		{562F5BE7-F38A-4A02-8DB9-F611DB900D06}.Release|x86.ActiveCfg = Release|Any CPU
		{562F5BE7-F38A-4A02-8DB9-F611DB900D06}.Release|x86.Build.0 = Release|Any CPU
	EndGlobalSection
	GlobalSection(SolutionProperties) = preSolution
		HideSolutionNode = FALSE
	EndGlobalSection
	GlobalSection(ExtensibilityGlobals) = postSolution
		SolutionGuid = {AFD30452-54F8-4612-BC64-513C40D775DD}
	EndGlobalSection
EndGlobal
